
Microsoft Visual Studio Solution File, Format Version 12.00
# Visual Studio Version 16
VisualStudioVersion = 16.0.31424.327
MinimumVisualStudioVersion = 10.0.40219.1
Project("{D954291E-2A0B-460D-934E-DC6B0785DB48}") = "LearnWSL.UnoApp.Shared", "LearnWSL.UnoApp\LearnWSL.UnoApp.Shared\LearnWSL.UnoApp.Shared.shproj", "{6279C845-92F8-4333-AB99-3D213163593C}"
EndProject
Project("{2150E333-8FDC-42A3-9474-1A3956D46DE8}") = "Platforms", "Platforms", "{49DE5CF1-E1DF-4F05-ACE5-BC81767B6B1E}"
EndProject
Project("{FAE04EC0-301F-11D3-BF4B-00C04F79EFBC}") = "LearnWSL.UnoApp.Droid", "LearnWSL.UnoApp\LearnWSL.UnoApp.Droid\LearnWSL.UnoApp.Droid.csproj", "{EB807619-6B47-4DE2-8ED3-CF46CDA6D292}"
EndProject
Project("{FAE04EC0-301F-11D3-BF4B-00C04F79EFBC}") = "LearnWSL.UnoApp.iOS", "LearnWSL.UnoApp\LearnWSL.UnoApp.iOS\LearnWSL.UnoApp.iOS.csproj", "{E8AC3694-1E66-44D2-B456-1BC592A70375}"
EndProject
Project("{FAE04EC0-301F-11D3-BF4B-00C04F79EFBC}") = "LearnWSL.UnoApp.UWP", "LearnWSL.UnoApp\LearnWSL.UnoApp.UWP\LearnWSL.UnoApp.UWP.csproj", "{E4317FBC-CE4D-4D00-B3FD-10F55C7776A0}"
EndProject
Project("{9A19103F-16F7-4668-BE54-9A1E7A4F7556}") = "LearnWSL.UnoApp.Wasm", "LearnWSL.UnoApp\LearnWSL.UnoApp.Wasm\LearnWSL.UnoApp.Wasm.csproj", "{A7488329-8133-48F9-95BA-0D3B64EB2107}"
EndProject
Project("{FAE04EC0-301F-11D3-BF4B-00C04F79EFBC}") = "LearnWSL.UnoApp.macOS", "LearnWSL.UnoApp\LearnWSL.UnoApp.macOS\LearnWSL.UnoApp.macOS.csproj", "{E0BC5FDA-9341-4EF0-AB17-0BFDDB109B39}"
EndProject
Project("{9A19103F-16F7-4668-BE54-9A1E7A4F7556}") = "LearnWSL.UnoApp.Skia.Wpf.Host", "LearnWSL.UnoApp\LearnWSL.UnoApp.Skia.Wpf.Host\LearnWSL.UnoApp.Skia.Wpf.Host.csproj", "{F3C357FF-4249-4CDE-AFBB-688058128A62}"
EndProject
Project("{9A19103F-16F7-4668-BE54-9A1E7A4F7556}") = "LearnWSL.UnoApp.Skia.Wpf", "LearnWSL.UnoApp\LearnWSL.UnoApp.Skia.Wpf\LearnWSL.UnoApp.Skia.Wpf.csproj", "{5B56A83F-4140-4CD1-92C8-7294F6D20190}"
EndProject
Project("{9A19103F-16F7-4668-BE54-9A1E7A4F7556}") = "LearnWSL.UnoApp.Skia.Gtk", "LearnWSL.UnoApp\LearnWSL.UnoApp.Skia.Gtk\LearnWSL.UnoApp.Skia.Gtk.csproj", "{23377EC3-3C8D-4FF7-A95E-E8A1BCB1E8C0}"
EndProject
Project("{9A19103F-16F7-4668-BE54-9A1E7A4F7556}") = "LearnWSL.UnoApp.Skia.Tizen", "LearnWSL.UnoApp\LearnWSL.UnoApp.Skia.Tizen\LearnWSL.UnoApp.Skia.Tizen.csproj", "{D859603D-A475-46E9-B1DE-35E1ACA6C276}"
EndProject
Global
	GlobalSection(SharedMSBuildProjectFiles) = preSolution
		LearnWSL.UnoApp\LearnWSL.UnoApp.Shared\LearnWSL.UnoApp.Shared.projitems*{23377ec3-3c8d-4ff7-a95e-e8a1bcb1e8c0}*SharedItemsImports = 5
		LearnWSL.UnoApp\LearnWSL.UnoApp.Shared\LearnWSL.UnoApp.Shared.projitems*{5b56a83f-4140-4cd1-92c8-7294f6d20190}*SharedItemsImports = 5
		LearnWSL.UnoApp\LearnWSL.UnoApp.Shared\LearnWSL.UnoApp.Shared.projitems*{6279c845-92f8-4333-ab99-3d213163593c}*SharedItemsImports = 13
		LearnWSL.UnoApp\LearnWSL.UnoApp.Shared\LearnWSL.UnoApp.Shared.projitems*{a7488329-8133-48f9-95ba-0d3b64eb2107}*SharedItemsImports = 5
		LearnWSL.UnoApp\LearnWSL.UnoApp.Shared\LearnWSL.UnoApp.Shared.projitems*{d859603d-a475-46e9-b1de-35e1aca6c276}*SharedItemsImports = 5
		LearnWSL.UnoApp\LearnWSL.UnoApp.Shared\LearnWSL.UnoApp.Shared.projitems*{e0bc5fda-9341-4ef0-ab17-0bfddb109b39}*SharedItemsImports = 4
		LearnWSL.UnoApp\LearnWSL.UnoApp.Shared\LearnWSL.UnoApp.Shared.projitems*{e4317fbc-ce4d-4d00-b3fd-10f55c7776a0}*SharedItemsImports = 4
		LearnWSL.UnoApp\LearnWSL.UnoApp.Shared\LearnWSL.UnoApp.Shared.projitems*{e8ac3694-1e66-44d2-b456-1bc592a70375}*SharedItemsImports = 4
		LearnWSL.UnoApp\LearnWSL.UnoApp.Shared\LearnWSL.UnoApp.Shared.projitems*{eb807619-6b47-4de2-8ed3-cf46cda6d292}*SharedItemsImports = 4
	EndGlobalSection
	GlobalSection(SolutionConfigurationPlatforms) = preSolution
		Ad-Hoc|Any CPU = Ad-Hoc|Any CPU
		Ad-Hoc|ARM = Ad-Hoc|ARM
		Ad-Hoc|ARM64 = Ad-Hoc|ARM64
		Ad-Hoc|iPhone = Ad-Hoc|iPhone
		Ad-Hoc|iPhoneSimulator = Ad-Hoc|iPhoneSimulator
		Ad-Hoc|x64 = Ad-Hoc|x64
		Ad-Hoc|x86 = Ad-Hoc|x86
		AppStore|Any CPU = AppStore|Any CPU
		AppStore|ARM = AppStore|ARM
		AppStore|ARM64 = AppStore|ARM64
		AppStore|iPhone = AppStore|iPhone
		AppStore|iPhoneSimulator = AppStore|iPhoneSimulator
		AppStore|x64 = AppStore|x64
		AppStore|x86 = AppStore|x86
		Debug|Any CPU = Debug|Any CPU
		Debug|ARM = Debug|ARM
		Debug|ARM64 = Debug|ARM64
		Debug|iPhone = Debug|iPhone
		Debug|iPhoneSimulator = Debug|iPhoneSimulator
		Debug|x64 = Debug|x64
		Debug|x86 = Debug|x86
		Release|Any CPU = Release|Any CPU
		Release|ARM = Release|ARM
		Release|ARM64 = Release|ARM64
		Release|iPhone = Release|iPhone
		Release|iPhoneSimulator = Release|iPhoneSimulator
		Release|x64 = Release|x64
		Release|x86 = Release|x86
	EndGlobalSection
	GlobalSection(ProjectConfigurationPlatforms) = postSolution
		{EB807619-6B47-4DE2-8ED3-CF46CDA6D292}.Ad-Hoc|Any CPU.ActiveCfg = Debug|Any CPU
		{EB807619-6B47-4DE2-8ED3-CF46CDA6D292}.Ad-Hoc|Any CPU.Build.0 = Debug|Any CPU
		{EB807619-6B47-4DE2-8ED3-CF46CDA6D292}.Ad-Hoc|Any CPU.Deploy.0 = Debug|Any CPU
		{EB807619-6B47-4DE2-8ED3-CF46CDA6D292}.Ad-Hoc|ARM.ActiveCfg = Debug|Any CPU
		{EB807619-6B47-4DE2-8ED3-CF46CDA6D292}.Ad-Hoc|ARM.Build.0 = Debug|Any CPU
		{EB807619-6B47-4DE2-8ED3-CF46CDA6D292}.Ad-Hoc|ARM.Deploy.0 = Debug|Any CPU
		{EB807619-6B47-4DE2-8ED3-CF46CDA6D292}.Ad-Hoc|ARM64.ActiveCfg = Debug|Any CPU
		{EB807619-6B47-4DE2-8ED3-CF46CDA6D292}.Ad-Hoc|ARM64.Build.0 = Debug|Any CPU
		{EB807619-6B47-4DE2-8ED3-CF46CDA6D292}.Ad-Hoc|ARM64.Deploy.0 = Debug|Any CPU
		{EB807619-6B47-4DE2-8ED3-CF46CDA6D292}.Ad-Hoc|iPhone.ActiveCfg = Debug|Any CPU
		{EB807619-6B47-4DE2-8ED3-CF46CDA6D292}.Ad-Hoc|iPhone.Build.0 = Debug|Any CPU
		{EB807619-6B47-4DE2-8ED3-CF46CDA6D292}.Ad-Hoc|iPhone.Deploy.0 = Debug|Any CPU
		{EB807619-6B47-4DE2-8ED3-CF46CDA6D292}.Ad-Hoc|iPhoneSimulator.ActiveCfg = Debug|Any CPU
		{EB807619-6B47-4DE2-8ED3-CF46CDA6D292}.Ad-Hoc|iPhoneSimulator.Build.0 = Debug|Any CPU
		{EB807619-6B47-4DE2-8ED3-CF46CDA6D292}.Ad-Hoc|iPhoneSimulator.Deploy.0 = Debug|Any CPU
		{EB807619-6B47-4DE2-8ED3-CF46CDA6D292}.Ad-Hoc|x64.ActiveCfg = Debug|Any CPU
		{EB807619-6B47-4DE2-8ED3-CF46CDA6D292}.Ad-Hoc|x64.Build.0 = Debug|Any CPU
		{EB807619-6B47-4DE2-8ED3-CF46CDA6D292}.Ad-Hoc|x64.Deploy.0 = Debug|Any CPU
		{EB807619-6B47-4DE2-8ED3-CF46CDA6D292}.Ad-Hoc|x86.ActiveCfg = Debug|Any CPU
		{EB807619-6B47-4DE2-8ED3-CF46CDA6D292}.Ad-Hoc|x86.Build.0 = Debug|Any CPU
		{EB807619-6B47-4DE2-8ED3-CF46CDA6D292}.Ad-Hoc|x86.Deploy.0 = Debug|Any CPU
		{EB807619-6B47-4DE2-8ED3-CF46CDA6D292}.AppStore|Any CPU.ActiveCfg = Debug|Any CPU
		{EB807619-6B47-4DE2-8ED3-CF46CDA6D292}.AppStore|Any CPU.Build.0 = Debug|Any CPU
		{EB807619-6B47-4DE2-8ED3-CF46CDA6D292}.AppStore|Any CPU.Deploy.0 = Debug|Any CPU
		{EB807619-6B47-4DE2-8ED3-CF46CDA6D292}.AppStore|ARM.ActiveCfg = Debug|Any CPU
		{EB807619-6B47-4DE2-8ED3-CF46CDA6D292}.AppStore|ARM.Build.0 = Debug|Any CPU
		{EB807619-6B47-4DE2-8ED3-CF46CDA6D292}.AppStore|ARM.Deploy.0 = Debug|Any CPU
		{EB807619-6B47-4DE2-8ED3-CF46CDA6D292}.AppStore|ARM64.ActiveCfg = Debug|Any CPU
		{EB807619-6B47-4DE2-8ED3-CF46CDA6D292}.AppStore|ARM64.Build.0 = Debug|Any CPU
		{EB807619-6B47-4DE2-8ED3-CF46CDA6D292}.AppStore|ARM64.Deploy.0 = Debug|Any CPU
		{EB807619-6B47-4DE2-8ED3-CF46CDA6D292}.AppStore|iPhone.ActiveCfg = Debug|Any CPU
		{EB807619-6B47-4DE2-8ED3-CF46CDA6D292}.AppStore|iPhone.Build.0 = Debug|Any CPU
		{EB807619-6B47-4DE2-8ED3-CF46CDA6D292}.AppStore|iPhone.Deploy.0 = Debug|Any CPU
		{EB807619-6B47-4DE2-8ED3-CF46CDA6D292}.AppStore|iPhoneSimulator.ActiveCfg = Debug|Any CPU
		{EB807619-6B47-4DE2-8ED3-CF46CDA6D292}.AppStore|iPhoneSimulator.Build.0 = Debug|Any CPU
		{EB807619-6B47-4DE2-8ED3-CF46CDA6D292}.AppStore|iPhoneSimulator.Deploy.0 = Debug|Any CPU
		{EB807619-6B47-4DE2-8ED3-CF46CDA6D292}.AppStore|x64.ActiveCfg = Debug|Any CPU
		{EB807619-6B47-4DE2-8ED3-CF46CDA6D292}.AppStore|x64.Build.0 = Debug|Any CPU
		{EB807619-6B47-4DE2-8ED3-CF46CDA6D292}.AppStore|x64.Deploy.0 = Debug|Any CPU
		{EB807619-6B47-4DE2-8ED3-CF46CDA6D292}.AppStore|x86.ActiveCfg = Debug|Any CPU
		{EB807619-6B47-4DE2-8ED3-CF46CDA6D292}.AppStore|x86.Build.0 = Debug|Any CPU
		{EB807619-6B47-4DE2-8ED3-CF46CDA6D292}.AppStore|x86.Deploy.0 = Debug|Any CPU
		{EB807619-6B47-4DE2-8ED3-CF46CDA6D292}.Debug|Any CPU.ActiveCfg = Debug|Any CPU
		{EB807619-6B47-4DE2-8ED3-CF46CDA6D292}.Debug|Any CPU.Build.0 = Debug|Any CPU
		{EB807619-6B47-4DE2-8ED3-CF46CDA6D292}.Debug|Any CPU.Deploy.0 = Debug|Any CPU
		{EB807619-6B47-4DE2-8ED3-CF46CDA6D292}.Debug|ARM.ActiveCfg = Debug|Any CPU
		{EB807619-6B47-4DE2-8ED3-CF46CDA6D292}.Debug|ARM.Build.0 = Debug|Any CPU
		{EB807619-6B47-4DE2-8ED3-CF46CDA6D292}.Debug|ARM.Deploy.0 = Debug|Any CPU
		{EB807619-6B47-4DE2-8ED3-CF46CDA6D292}.Debug|ARM64.ActiveCfg = Debug|Any CPU
		{EB807619-6B47-4DE2-8ED3-CF46CDA6D292}.Debug|ARM64.Build.0 = Debug|Any CPU
		{EB807619-6B47-4DE2-8ED3-CF46CDA6D292}.Debug|ARM64.Deploy.0 = Debug|Any CPU
		{EB807619-6B47-4DE2-8ED3-CF46CDA6D292}.Debug|iPhone.ActiveCfg = Debug|Any CPU
		{EB807619-6B47-4DE2-8ED3-CF46CDA6D292}.Debug|iPhone.Build.0 = Debug|Any CPU
		{EB807619-6B47-4DE2-8ED3-CF46CDA6D292}.Debug|iPhone.Deploy.0 = Debug|Any CPU
		{EB807619-6B47-4DE2-8ED3-CF46CDA6D292}.Debug|iPhoneSimulator.ActiveCfg = Debug|Any CPU
		{EB807619-6B47-4DE2-8ED3-CF46CDA6D292}.Debug|iPhoneSimulator.Build.0 = Debug|Any CPU
		{EB807619-6B47-4DE2-8ED3-CF46CDA6D292}.Debug|iPhoneSimulator.Deploy.0 = Debug|Any CPU
		{EB807619-6B47-4DE2-8ED3-CF46CDA6D292}.Debug|x64.ActiveCfg = Debug|Any CPU
		{EB807619-6B47-4DE2-8ED3-CF46CDA6D292}.Debug|x64.Build.0 = Debug|Any CPU
		{EB807619-6B47-4DE2-8ED3-CF46CDA6D292}.Debug|x64.Deploy.0 = Debug|Any CPU
		{EB807619-6B47-4DE2-8ED3-CF46CDA6D292}.Debug|x86.ActiveCfg = Debug|Any CPU
		{EB807619-6B47-4DE2-8ED3-CF46CDA6D292}.Debug|x86.Build.0 = Debug|Any CPU
		{EB807619-6B47-4DE2-8ED3-CF46CDA6D292}.Debug|x86.Deploy.0 = Debug|Any CPU
		{EB807619-6B47-4DE2-8ED3-CF46CDA6D292}.Release|Any CPU.ActiveCfg = Release|Any CPU
		{EB807619-6B47-4DE2-8ED3-CF46CDA6D292}.Release|Any CPU.Build.0 = Release|Any CPU
		{EB807619-6B47-4DE2-8ED3-CF46CDA6D292}.Release|Any CPU.Deploy.0 = Release|Any CPU
		{EB807619-6B47-4DE2-8ED3-CF46CDA6D292}.Release|ARM.ActiveCfg = Release|Any CPU
		{EB807619-6B47-4DE2-8ED3-CF46CDA6D292}.Release|ARM.Build.0 = Release|Any CPU
		{EB807619-6B47-4DE2-8ED3-CF46CDA6D292}.Release|ARM.Deploy.0 = Release|Any CPU
		{EB807619-6B47-4DE2-8ED3-CF46CDA6D292}.Release|ARM64.ActiveCfg = Release|Any CPU
		{EB807619-6B47-4DE2-8ED3-CF46CDA6D292}.Release|ARM64.Build.0 = Release|Any CPU
		{EB807619-6B47-4DE2-8ED3-CF46CDA6D292}.Release|ARM64.Deploy.0 = Release|Any CPU
		{EB807619-6B47-4DE2-8ED3-CF46CDA6D292}.Release|iPhone.ActiveCfg = Release|Any CPU
		{EB807619-6B47-4DE2-8ED3-CF46CDA6D292}.Release|iPhone.Build.0 = Release|Any CPU
		{EB807619-6B47-4DE2-8ED3-CF46CDA6D292}.Release|iPhone.Deploy.0 = Release|Any CPU
		{EB807619-6B47-4DE2-8ED3-CF46CDA6D292}.Release|iPhoneSimulator.ActiveCfg = Release|Any CPU
		{EB807619-6B47-4DE2-8ED3-CF46CDA6D292}.Release|iPhoneSimulator.Build.0 = Release|Any CPU
		{EB807619-6B47-4DE2-8ED3-CF46CDA6D292}.Release|iPhoneSimulator.Deploy.0 = Release|Any CPU
		{EB807619-6B47-4DE2-8ED3-CF46CDA6D292}.Release|x64.ActiveCfg = Release|Any CPU
		{EB807619-6B47-4DE2-8ED3-CF46CDA6D292}.Release|x64.Build.0 = Release|Any CPU
		{EB807619-6B47-4DE2-8ED3-CF46CDA6D292}.Release|x64.Deploy.0 = Release|Any CPU
		{EB807619-6B47-4DE2-8ED3-CF46CDA6D292}.Release|x86.ActiveCfg = Release|Any CPU
		{EB807619-6B47-4DE2-8ED3-CF46CDA6D292}.Release|x86.Build.0 = Release|Any CPU
		{EB807619-6B47-4DE2-8ED3-CF46CDA6D292}.Release|x86.Deploy.0 = Release|Any CPU
		{E8AC3694-1E66-44D2-B456-1BC592A70375}.Ad-Hoc|Any CPU.ActiveCfg = Ad-Hoc|iPhoneSimulator
		{E8AC3694-1E66-44D2-B456-1BC592A70375}.Ad-Hoc|ARM.ActiveCfg = Ad-Hoc|iPhoneSimulator
		{E8AC3694-1E66-44D2-B456-1BC592A70375}.Ad-Hoc|ARM64.ActiveCfg = Ad-Hoc|iPhoneSimulator
		{E8AC3694-1E66-44D2-B456-1BC592A70375}.Ad-Hoc|iPhone.ActiveCfg = Ad-Hoc|iPhone
		{E8AC3694-1E66-44D2-B456-1BC592A70375}.Ad-Hoc|iPhone.Build.0 = Ad-Hoc|iPhone
		{E8AC3694-1E66-44D2-B456-1BC592A70375}.Ad-Hoc|iPhoneSimulator.ActiveCfg = Ad-Hoc|iPhoneSimulator
		{E8AC3694-1E66-44D2-B456-1BC592A70375}.Ad-Hoc|iPhoneSimulator.Build.0 = Ad-Hoc|iPhoneSimulator
		{E8AC3694-1E66-44D2-B456-1BC592A70375}.Ad-Hoc|x64.ActiveCfg = Ad-Hoc|iPhoneSimulator
		{E8AC3694-1E66-44D2-B456-1BC592A70375}.Ad-Hoc|x86.ActiveCfg = Ad-Hoc|iPhoneSimulator
		{E8AC3694-1E66-44D2-B456-1BC592A70375}.AppStore|Any CPU.ActiveCfg = AppStore|iPhoneSimulator
		{E8AC3694-1E66-44D2-B456-1BC592A70375}.AppStore|ARM.ActiveCfg = AppStore|iPhoneSimulator
		{E8AC3694-1E66-44D2-B456-1BC592A70375}.AppStore|ARM64.ActiveCfg = AppStore|iPhoneSimulator
		{E8AC3694-1E66-44D2-B456-1BC592A70375}.AppStore|iPhone.ActiveCfg = AppStore|iPhone
		{E8AC3694-1E66-44D2-B456-1BC592A70375}.AppStore|iPhone.Build.0 = AppStore|iPhone
		{E8AC3694-1E66-44D2-B456-1BC592A70375}.AppStore|iPhoneSimulator.ActiveCfg = AppStore|iPhoneSimulator
		{E8AC3694-1E66-44D2-B456-1BC592A70375}.AppStore|iPhoneSimulator.Build.0 = AppStore|iPhoneSimulator
		{E8AC3694-1E66-44D2-B456-1BC592A70375}.AppStore|x64.ActiveCfg = AppStore|iPhoneSimulator
		{E8AC3694-1E66-44D2-B456-1BC592A70375}.AppStore|x86.ActiveCfg = AppStore|iPhoneSimulator
		{E8AC3694-1E66-44D2-B456-1BC592A70375}.Debug|Any CPU.ActiveCfg = Debug|iPhoneSimulator
		{E8AC3694-1E66-44D2-B456-1BC592A70375}.Debug|ARM.ActiveCfg = Debug|iPhoneSimulator
		{E8AC3694-1E66-44D2-B456-1BC592A70375}.Debug|ARM64.ActiveCfg = Debug|iPhoneSimulator
		{E8AC3694-1E66-44D2-B456-1BC592A70375}.Debug|iPhone.ActiveCfg = Debug|iPhone
		{E8AC3694-1E66-44D2-B456-1BC592A70375}.Debug|iPhone.Build.0 = Debug|iPhone
		{E8AC3694-1E66-44D2-B456-1BC592A70375}.Debug|iPhoneSimulator.ActiveCfg = Debug|iPhoneSimulator
		{E8AC3694-1E66-44D2-B456-1BC592A70375}.Debug|iPhoneSimulator.Build.0 = Debug|iPhoneSimulator
		{E8AC3694-1E66-44D2-B456-1BC592A70375}.Debug|x64.ActiveCfg = Debug|iPhoneSimulator
		{E8AC3694-1E66-44D2-B456-1BC592A70375}.Debug|x86.ActiveCfg = Debug|iPhoneSimulator
		{E8AC3694-1E66-44D2-B456-1BC592A70375}.Release|Any CPU.ActiveCfg = Release|iPhoneSimulator
		{E8AC3694-1E66-44D2-B456-1BC592A70375}.Release|ARM.ActiveCfg = Release|iPhoneSimulator
		{E8AC3694-1E66-44D2-B456-1BC592A70375}.Release|ARM64.ActiveCfg = Release|iPhoneSimulator
		{E8AC3694-1E66-44D2-B456-1BC592A70375}.Release|iPhone.ActiveCfg = Release|iPhone
		{E8AC3694-1E66-44D2-B456-1BC592A70375}.Release|iPhone.Build.0 = Release|iPhone
		{E8AC3694-1E66-44D2-B456-1BC592A70375}.Release|iPhoneSimulator.ActiveCfg = Release|iPhoneSimulator
		{E8AC3694-1E66-44D2-B456-1BC592A70375}.Release|iPhoneSimulator.Build.0 = Release|iPhoneSimulator
		{E8AC3694-1E66-44D2-B456-1BC592A70375}.Release|x64.ActiveCfg = Release|iPhoneSimulator
		{E8AC3694-1E66-44D2-B456-1BC592A70375}.Release|x86.ActiveCfg = Release|iPhoneSimulator
		{E4317FBC-CE4D-4D00-B3FD-10F55C7776A0}.Ad-Hoc|Any CPU.ActiveCfg = Debug|x86
		{E4317FBC-CE4D-4D00-B3FD-10F55C7776A0}.Ad-Hoc|Any CPU.Build.0 = Debug|x86
		{E4317FBC-CE4D-4D00-B3FD-10F55C7776A0}.Ad-Hoc|Any CPU.Deploy.0 = Debug|x86
		{E4317FBC-CE4D-4D00-B3FD-10F55C7776A0}.Ad-Hoc|ARM.ActiveCfg = Debug|ARM
		{E4317FBC-CE4D-4D00-B3FD-10F55C7776A0}.Ad-Hoc|ARM.Build.0 = Debug|ARM
		{E4317FBC-CE4D-4D00-B3FD-10F55C7776A0}.Ad-Hoc|ARM.Deploy.0 = Debug|ARM
		{E4317FBC-CE4D-4D00-B3FD-10F55C7776A0}.Ad-Hoc|ARM64.ActiveCfg = Debug|ARM64
		{E4317FBC-CE4D-4D00-B3FD-10F55C7776A0}.Ad-Hoc|ARM64.Build.0 = Debug|ARM64
		{E4317FBC-CE4D-4D00-B3FD-10F55C7776A0}.Ad-Hoc|ARM64.Deploy.0 = Debug|ARM64
		{E4317FBC-CE4D-4D00-B3FD-10F55C7776A0}.Ad-Hoc|iPhone.ActiveCfg = Debug|x86
		{E4317FBC-CE4D-4D00-B3FD-10F55C7776A0}.Ad-Hoc|iPhone.Build.0 = Debug|x86
		{E4317FBC-CE4D-4D00-B3FD-10F55C7776A0}.Ad-Hoc|iPhone.Deploy.0 = Debug|x86
		{E4317FBC-CE4D-4D00-B3FD-10F55C7776A0}.Ad-Hoc|iPhoneSimulator.ActiveCfg = Debug|x86
		{E4317FBC-CE4D-4D00-B3FD-10F55C7776A0}.Ad-Hoc|iPhoneSimulator.Build.0 = Debug|x86
		{E4317FBC-CE4D-4D00-B3FD-10F55C7776A0}.Ad-Hoc|iPhoneSimulator.Deploy.0 = Debug|x86
		{E4317FBC-CE4D-4D00-B3FD-10F55C7776A0}.Ad-Hoc|x64.ActiveCfg = Debug|x64
		{E4317FBC-CE4D-4D00-B3FD-10F55C7776A0}.Ad-Hoc|x64.Build.0 = Debug|x64
		{E4317FBC-CE4D-4D00-B3FD-10F55C7776A0}.Ad-Hoc|x64.Deploy.0 = Debug|x64
		{E4317FBC-CE4D-4D00-B3FD-10F55C7776A0}.Ad-Hoc|x86.ActiveCfg = Debug|x86
		{E4317FBC-CE4D-4D00-B3FD-10F55C7776A0}.Ad-Hoc|x86.Build.0 = Debug|x86
		{E4317FBC-CE4D-4D00-B3FD-10F55C7776A0}.Ad-Hoc|x86.Deploy.0 = Debug|x86
		{E4317FBC-CE4D-4D00-B3FD-10F55C7776A0}.AppStore|Any CPU.ActiveCfg = Debug|x86
		{E4317FBC-CE4D-4D00-B3FD-10F55C7776A0}.AppStore|Any CPU.Build.0 = Debug|x86
		{E4317FBC-CE4D-4D00-B3FD-10F55C7776A0}.AppStore|Any CPU.Deploy.0 = Debug|x86
		{E4317FBC-CE4D-4D00-B3FD-10F55C7776A0}.AppStore|ARM.ActiveCfg = Debug|ARM
		{E4317FBC-CE4D-4D00-B3FD-10F55C7776A0}.AppStore|ARM.Build.0 = Debug|ARM
		{E4317FBC-CE4D-4D00-B3FD-10F55C7776A0}.AppStore|ARM.Deploy.0 = Debug|ARM
		{E4317FBC-CE4D-4D00-B3FD-10F55C7776A0}.AppStore|ARM64.ActiveCfg = Debug|ARM64
		{E4317FBC-CE4D-4D00-B3FD-10F55C7776A0}.AppStore|ARM64.Build.0 = Debug|ARM64
		{E4317FBC-CE4D-4D00-B3FD-10F55C7776A0}.AppStore|ARM64.Deploy.0 = Debug|ARM64
		{E4317FBC-CE4D-4D00-B3FD-10F55C7776A0}.AppStore|iPhone.ActiveCfg = Debug|x86
		{E4317FBC-CE4D-4D00-B3FD-10F55C7776A0}.AppStore|iPhone.Build.0 = Debug|x86
		{E4317FBC-CE4D-4D00-B3FD-10F55C7776A0}.AppStore|iPhone.Deploy.0 = Debug|x86
		{E4317FBC-CE4D-4D00-B3FD-10F55C7776A0}.AppStore|iPhoneSimulator.ActiveCfg = Debug|x86
		{E4317FBC-CE4D-4D00-B3FD-10F55C7776A0}.AppStore|iPhoneSimulator.Build.0 = Debug|x86
		{E4317FBC-CE4D-4D00-B3FD-10F55C7776A0}.AppStore|iPhoneSimulator.Deploy.0 = Debug|x86
		{E4317FBC-CE4D-4D00-B3FD-10F55C7776A0}.AppStore|x64.ActiveCfg = Debug|x64
		{E4317FBC-CE4D-4D00-B3FD-10F55C7776A0}.AppStore|x64.Build.0 = Debug|x64
		{E4317FBC-CE4D-4D00-B3FD-10F55C7776A0}.AppStore|x64.Deploy.0 = Debug|x64
		{E4317FBC-CE4D-4D00-B3FD-10F55C7776A0}.AppStore|x86.ActiveCfg = Debug|x86
		{E4317FBC-CE4D-4D00-B3FD-10F55C7776A0}.AppStore|x86.Build.0 = Debug|x86
		{E4317FBC-CE4D-4D00-B3FD-10F55C7776A0}.AppStore|x86.Deploy.0 = Debug|x86
		{E4317FBC-CE4D-4D00-B3FD-10F55C7776A0}.Debug|Any CPU.ActiveCfg = Debug|x86
		{E4317FBC-CE4D-4D00-B3FD-10F55C7776A0}.Debug|Any CPU.Build.0 = Debug|x86
		{E4317FBC-CE4D-4D00-B3FD-10F55C7776A0}.Debug|Any CPU.Deploy.0 = Debug|x86
		{E4317FBC-CE4D-4D00-B3FD-10F55C7776A0}.Debug|ARM.ActiveCfg = Debug|ARM
		{E4317FBC-CE4D-4D00-B3FD-10F55C7776A0}.Debug|ARM.Build.0 = Debug|ARM
		{E4317FBC-CE4D-4D00-B3FD-10F55C7776A0}.Debug|ARM.Deploy.0 = Debug|ARM
		{E4317FBC-CE4D-4D00-B3FD-10F55C7776A0}.Debug|ARM64.ActiveCfg = Debug|ARM64
		{E4317FBC-CE4D-4D00-B3FD-10F55C7776A0}.Debug|ARM64.Build.0 = Debug|ARM64
		{E4317FBC-CE4D-4D00-B3FD-10F55C7776A0}.Debug|ARM64.Deploy.0 = Debug|ARM64
		{E4317FBC-CE4D-4D00-B3FD-10F55C7776A0}.Debug|iPhone.ActiveCfg = Debug|x86
		{E4317FBC-CE4D-4D00-B3FD-10F55C7776A0}.Debug|iPhoneSimulator.ActiveCfg = Debug|x86
		{E4317FBC-CE4D-4D00-B3FD-10F55C7776A0}.Debug|x64.ActiveCfg = Debug|x64
		{E4317FBC-CE4D-4D00-B3FD-10F55C7776A0}.Debug|x64.Build.0 = Debug|x64
		{E4317FBC-CE4D-4D00-B3FD-10F55C7776A0}.Debug|x64.Deploy.0 = Debug|x64
		{E4317FBC-CE4D-4D00-B3FD-10F55C7776A0}.Debug|x86.ActiveCfg = Debug|x86
		{E4317FBC-CE4D-4D00-B3FD-10F55C7776A0}.Debug|x86.Build.0 = Debug|x86
		{E4317FBC-CE4D-4D00-B3FD-10F55C7776A0}.Debug|x86.Deploy.0 = Debug|x86
		{E4317FBC-CE4D-4D00-B3FD-10F55C7776A0}.Release|Any CPU.ActiveCfg = Release|x86
		{E4317FBC-CE4D-4D00-B3FD-10F55C7776A0}.Release|ARM.ActiveCfg = Release|ARM
		{E4317FBC-CE4D-4D00-B3FD-10F55C7776A0}.Release|ARM.Build.0 = Release|ARM
		{E4317FBC-CE4D-4D00-B3FD-10F55C7776A0}.Release|ARM.Deploy.0 = Release|ARM
		{E4317FBC-CE4D-4D00-B3FD-10F55C7776A0}.Release|ARM64.ActiveCfg = Release|ARM64
		{E4317FBC-CE4D-4D00-B3FD-10F55C7776A0}.Release|ARM64.Build.0 = Release|ARM64
		{E4317FBC-CE4D-4D00-B3FD-10F55C7776A0}.Release|ARM64.Deploy.0 = Release|ARM64
		{E4317FBC-CE4D-4D00-B3FD-10F55C7776A0}.Release|iPhone.ActiveCfg = Release|x86
		{E4317FBC-CE4D-4D00-B3FD-10F55C7776A0}.Release|iPhoneSimulator.ActiveCfg = Release|x86
		{E4317FBC-CE4D-4D00-B3FD-10F55C7776A0}.Release|x64.ActiveCfg = Release|x64
		{E4317FBC-CE4D-4D00-B3FD-10F55C7776A0}.Release|x64.Build.0 = Release|x64
		{E4317FBC-CE4D-4D00-B3FD-10F55C7776A0}.Release|x64.Deploy.0 = Release|x64
		{E4317FBC-CE4D-4D00-B3FD-10F55C7776A0}.Release|x86.ActiveCfg = Release|x86
		{E4317FBC-CE4D-4D00-B3FD-10F55C7776A0}.Release|x86.Build.0 = Release|x86
		{E4317FBC-CE4D-4D00-B3FD-10F55C7776A0}.Release|x86.Deploy.0 = Release|x86
		{A7488329-8133-48F9-95BA-0D3B64EB2107}.Ad-Hoc|Any CPU.ActiveCfg = Debug|Any CPU
		{A7488329-8133-48F9-95BA-0D3B64EB2107}.Ad-Hoc|Any CPU.Build.0 = Debug|Any CPU
		{A7488329-8133-48F9-95BA-0D3B64EB2107}.Ad-Hoc|ARM.ActiveCfg = Debug|Any CPU
		{A7488329-8133-48F9-95BA-0D3B64EB2107}.Ad-Hoc|ARM.Build.0 = Debug|Any CPU
		{A7488329-8133-48F9-95BA-0D3B64EB2107}.Ad-Hoc|ARM64.ActiveCfg = Debug|Any CPU
		{A7488329-8133-48F9-95BA-0D3B64EB2107}.Ad-Hoc|ARM64.Build.0 = Debug|Any CPU
		{A7488329-8133-48F9-95BA-0D3B64EB2107}.Ad-Hoc|iPhone.ActiveCfg = Debug|Any CPU
		{A7488329-8133-48F9-95BA-0D3B64EB2107}.Ad-Hoc|iPhone.Build.0 = Debug|Any CPU
		{A7488329-8133-48F9-95BA-0D3B64EB2107}.Ad-Hoc|iPhoneSimulator.ActiveCfg = Debug|Any CPU
		{A7488329-8133-48F9-95BA-0D3B64EB2107}.Ad-Hoc|iPhoneSimulator.Build.0 = Debug|Any CPU
		{A7488329-8133-48F9-95BA-0D3B64EB2107}.Ad-Hoc|x64.ActiveCfg = Debug|Any CPU
		{A7488329-8133-48F9-95BA-0D3B64EB2107}.Ad-Hoc|x64.Build.0 = Debug|Any CPU
		{A7488329-8133-48F9-95BA-0D3B64EB2107}.Ad-Hoc|x86.ActiveCfg = Debug|Any CPU
		{A7488329-8133-48F9-95BA-0D3B64EB2107}.Ad-Hoc|x86.Build.0 = Debug|Any CPU
		{A7488329-8133-48F9-95BA-0D3B64EB2107}.AppStore|Any CPU.ActiveCfg = Debug|Any CPU
		{A7488329-8133-48F9-95BA-0D3B64EB2107}.AppStore|Any CPU.Build.0 = Debug|Any CPU
		{A7488329-8133-48F9-95BA-0D3B64EB2107}.AppStore|ARM.ActiveCfg = Debug|Any CPU
		{A7488329-8133-48F9-95BA-0D3B64EB2107}.AppStore|ARM.Build.0 = Debug|Any CPU
		{A7488329-8133-48F9-95BA-0D3B64EB2107}.AppStore|ARM64.ActiveCfg = Debug|Any CPU
		{A7488329-8133-48F9-95BA-0D3B64EB2107}.AppStore|ARM64.Build.0 = Debug|Any CPU
		{A7488329-8133-48F9-95BA-0D3B64EB2107}.AppStore|iPhone.ActiveCfg = Debug|Any CPU
		{A7488329-8133-48F9-95BA-0D3B64EB2107}.AppStore|iPhone.Build.0 = Debug|Any CPU
		{A7488329-8133-48F9-95BA-0D3B64EB2107}.AppStore|iPhoneSimulator.ActiveCfg = Debug|Any CPU
		{A7488329-8133-48F9-95BA-0D3B64EB2107}.AppStore|iPhoneSimulator.Build.0 = Debug|Any CPU
		{A7488329-8133-48F9-95BA-0D3B64EB2107}.AppStore|x64.ActiveCfg = Debug|Any CPU
		{A7488329-8133-48F9-95BA-0D3B64EB2107}.AppStore|x64.Build.0 = Debug|Any CPU
		{A7488329-8133-48F9-95BA-0D3B64EB2107}.AppStore|x86.ActiveCfg = Debug|Any CPU
		{A7488329-8133-48F9-95BA-0D3B64EB2107}.AppStore|x86.Build.0 = Debug|Any CPU
		{A7488329-8133-48F9-95BA-0D3B64EB2107}.Debug|Any CPU.ActiveCfg = Debug|Any CPU
		{A7488329-8133-48F9-95BA-0D3B64EB2107}.Debug|Any CPU.Build.0 = Debug|Any CPU
		{A7488329-8133-48F9-95BA-0D3B64EB2107}.Debug|ARM.ActiveCfg = Debug|Any CPU
		{A7488329-8133-48F9-95BA-0D3B64EB2107}.Debug|ARM.Build.0 = Debug|Any CPU
		{A7488329-8133-48F9-95BA-0D3B64EB2107}.Debug|ARM64.ActiveCfg = Debug|Any CPU
		{A7488329-8133-48F9-95BA-0D3B64EB2107}.Debug|ARM64.Build.0 = Debug|Any CPU
		{A7488329-8133-48F9-95BA-0D3B64EB2107}.Debug|iPhone.ActiveCfg = Debug|Any CPU
		{A7488329-8133-48F9-95BA-0D3B64EB2107}.Debug|iPhone.Build.0 = Debug|Any CPU
		{A7488329-8133-48F9-95BA-0D3B64EB2107}.Debug|iPhoneSimulator.ActiveCfg = Debug|Any CPU
		{A7488329-8133-48F9-95BA-0D3B64EB2107}.Debug|iPhoneSimulator.Build.0 = Debug|Any CPU
		{A7488329-8133-48F9-95BA-0D3B64EB2107}.Debug|x64.ActiveCfg = Debug|Any CPU
		{A7488329-8133-48F9-95BA-0D3B64EB2107}.Debug|x64.Build.0 = Debug|Any CPU
		{A7488329-8133-48F9-95BA-0D3B64EB2107}.Debug|x86.ActiveCfg = Debug|Any CPU
		{A7488329-8133-48F9-95BA-0D3B64EB2107}.Debug|x86.Build.0 = Debug|Any CPU
		{A7488329-8133-48F9-95BA-0D3B64EB2107}.Release|Any CPU.ActiveCfg = Release|Any CPU
		{A7488329-8133-48F9-95BA-0D3B64EB2107}.Release|Any CPU.Build.0 = Release|Any CPU
		{A7488329-8133-48F9-95BA-0D3B64EB2107}.Release|ARM.ActiveCfg = Release|Any CPU
		{A7488329-8133-48F9-95BA-0D3B64EB2107}.Release|ARM.Build.0 = Release|Any CPU
		{A7488329-8133-48F9-95BA-0D3B64EB2107}.Release|ARM64.ActiveCfg = Release|Any CPU
		{A7488329-8133-48F9-95BA-0D3B64EB2107}.Release|ARM64.Build.0 = Release|Any CPU
		{A7488329-8133-48F9-95BA-0D3B64EB2107}.Release|iPhone.ActiveCfg = Release|Any CPU
		{A7488329-8133-48F9-95BA-0D3B64EB2107}.Release|iPhone.Build.0 = Release|Any CPU
		{A7488329-8133-48F9-95BA-0D3B64EB2107}.Release|iPhoneSimulator.ActiveCfg = Release|Any CPU
		{A7488329-8133-48F9-95BA-0D3B64EB2107}.Release|iPhoneSimulator.Build.0 = Release|Any CPU
		{A7488329-8133-48F9-95BA-0D3B64EB2107}.Release|x64.ActiveCfg = Release|Any CPU
		{A7488329-8133-48F9-95BA-0D3B64EB2107}.Release|x64.Build.0 = Release|Any CPU
		{A7488329-8133-48F9-95BA-0D3B64EB2107}.Release|x86.ActiveCfg = Release|Any CPU
		{A7488329-8133-48F9-95BA-0D3B64EB2107}.Release|x86.Build.0 = Release|Any CPU
		{E0BC5FDA-9341-4EF0-AB17-0BFDDB109B39}.Ad-Hoc|Any CPU.ActiveCfg = Debug|iPhoneSimulator
		{E0BC5FDA-9341-4EF0-AB17-0BFDDB109B39}.Ad-Hoc|Any CPU.Build.0 = Debug|iPhoneSimulator
		{E0BC5FDA-9341-4EF0-AB17-0BFDDB109B39}.Ad-Hoc|ARM.ActiveCfg = Debug|iPhoneSimulator
		{E0BC5FDA-9341-4EF0-AB17-0BFDDB109B39}.Ad-Hoc|ARM.Build.0 = Debug|iPhoneSimulator
		{E0BC5FDA-9341-4EF0-AB17-0BFDDB109B39}.Ad-Hoc|ARM64.ActiveCfg = Debug|iPhoneSimulator
		{E0BC5FDA-9341-4EF0-AB17-0BFDDB109B39}.Ad-Hoc|ARM64.Build.0 = Debug|iPhoneSimulator
		{E0BC5FDA-9341-4EF0-AB17-0BFDDB109B39}.Ad-Hoc|iPhone.ActiveCfg = Debug|iPhoneSimulator
		{E0BC5FDA-9341-4EF0-AB17-0BFDDB109B39}.Ad-Hoc|iPhone.Build.0 = Debug|iPhoneSimulator
		{E0BC5FDA-9341-4EF0-AB17-0BFDDB109B39}.Ad-Hoc|iPhoneSimulator.ActiveCfg = Debug|iPhoneSimulator
		{E0BC5FDA-9341-4EF0-AB17-0BFDDB109B39}.Ad-Hoc|iPhoneSimulator.Build.0 = Debug|iPhoneSimulator
		{E0BC5FDA-9341-4EF0-AB17-0BFDDB109B39}.Ad-Hoc|x64.ActiveCfg = Debug|iPhoneSimulator
		{E0BC5FDA-9341-4EF0-AB17-0BFDDB109B39}.Ad-Hoc|x64.Build.0 = Debug|iPhoneSimulator
		{E0BC5FDA-9341-4EF0-AB17-0BFDDB109B39}.Ad-Hoc|x86.ActiveCfg = Debug|iPhoneSimulator
		{E0BC5FDA-9341-4EF0-AB17-0BFDDB109B39}.Ad-Hoc|x86.Build.0 = Debug|iPhoneSimulator
		{E0BC5FDA-9341-4EF0-AB17-0BFDDB109B39}.AppStore|Any CPU.ActiveCfg = Debug|iPhoneSimulator
		{E0BC5FDA-9341-4EF0-AB17-0BFDDB109B39}.AppStore|Any CPU.Build.0 = Debug|iPhoneSimulator
		{E0BC5FDA-9341-4EF0-AB17-0BFDDB109B39}.AppStore|ARM.ActiveCfg = Debug|iPhoneSimulator
		{E0BC5FDA-9341-4EF0-AB17-0BFDDB109B39}.AppStore|ARM.Build.0 = Debug|iPhoneSimulator
		{E0BC5FDA-9341-4EF0-AB17-0BFDDB109B39}.AppStore|ARM64.ActiveCfg = Debug|iPhoneSimulator
		{E0BC5FDA-9341-4EF0-AB17-0BFDDB109B39}.AppStore|ARM64.Build.0 = Debug|iPhoneSimulator
		{E0BC5FDA-9341-4EF0-AB17-0BFDDB109B39}.AppStore|iPhone.ActiveCfg = Debug|iPhoneSimulator
		{E0BC5FDA-9341-4EF0-AB17-0BFDDB109B39}.AppStore|iPhone.Build.0 = Debug|iPhoneSimulator
		{E0BC5FDA-9341-4EF0-AB17-0BFDDB109B39}.AppStore|iPhoneSimulator.ActiveCfg = Debug|iPhoneSimulator
		{E0BC5FDA-9341-4EF0-AB17-0BFDDB109B39}.AppStore|iPhoneSimulator.Build.0 = Debug|iPhoneSimulator
		{E0BC5FDA-9341-4EF0-AB17-0BFDDB109B39}.AppStore|x64.ActiveCfg = Debug|iPhoneSimulator
		{E0BC5FDA-9341-4EF0-AB17-0BFDDB109B39}.AppStore|x64.Build.0 = Debug|iPhoneSimulator
		{E0BC5FDA-9341-4EF0-AB17-0BFDDB109B39}.AppStore|x86.ActiveCfg = Debug|iPhoneSimulator
		{E0BC5FDA-9341-4EF0-AB17-0BFDDB109B39}.AppStore|x86.Build.0 = Debug|iPhoneSimulator
		{E0BC5FDA-9341-4EF0-AB17-0BFDDB109B39}.Debug|Any CPU.ActiveCfg = Debug|iPhoneSimulator
		{E0BC5FDA-9341-4EF0-AB17-0BFDDB109B39}.Debug|ARM.ActiveCfg = Debug|iPhoneSimulator
		{E0BC5FDA-9341-4EF0-AB17-0BFDDB109B39}.Debug|ARM64.ActiveCfg = Debug|iPhoneSimulator
		{E0BC5FDA-9341-4EF0-AB17-0BFDDB109B39}.Debug|iPhone.ActiveCfg = Debug|iPhoneSimulator
		{E0BC5FDA-9341-4EF0-AB17-0BFDDB109B39}.Debug|iPhoneSimulator.ActiveCfg = Debug|iPhoneSimulator
		{E0BC5FDA-9341-4EF0-AB17-0BFDDB109B39}.Debug|iPhoneSimulator.Build.0 = Debug|iPhoneSimulator
		{E0BC5FDA-9341-4EF0-AB17-0BFDDB109B39}.Debug|x64.ActiveCfg = Debug|iPhoneSimulator
		{E0BC5FDA-9341-4EF0-AB17-0BFDDB109B39}.Debug|x86.ActiveCfg = Debug|iPhoneSimulator
		{E0BC5FDA-9341-4EF0-AB17-0BFDDB109B39}.Release|Any CPU.ActiveCfg = Release|iPhoneSimulator
		{E0BC5FDA-9341-4EF0-AB17-0BFDDB109B39}.Release|ARM.ActiveCfg = Release|iPhoneSimulator
		{E0BC5FDA-9341-4EF0-AB17-0BFDDB109B39}.Release|ARM64.ActiveCfg = Release|iPhoneSimulator
		{E0BC5FDA-9341-4EF0-AB17-0BFDDB109B39}.Release|iPhone.ActiveCfg = Release|iPhoneSimulator
		{E0BC5FDA-9341-4EF0-AB17-0BFDDB109B39}.Release|iPhoneSimulator.ActiveCfg = Release|iPhoneSimulator
		{E0BC5FDA-9341-4EF0-AB17-0BFDDB109B39}.Release|iPhoneSimulator.Build.0 = Release|iPhoneSimulator
		{E0BC5FDA-9341-4EF0-AB17-0BFDDB109B39}.Release|x64.ActiveCfg = Release|iPhoneSimulator
		{E0BC5FDA-9341-4EF0-AB17-0BFDDB109B39}.Release|x86.ActiveCfg = Release|iPhoneSimulator
		{F3C357FF-4249-4CDE-AFBB-688058128A62}.Ad-Hoc|Any CPU.ActiveCfg = Debug|Any CPU
		{F3C357FF-4249-4CDE-AFBB-688058128A62}.Ad-Hoc|Any CPU.Build.0 = Debug|Any CPU
		{F3C357FF-4249-4CDE-AFBB-688058128A62}.Ad-Hoc|ARM.ActiveCfg = Debug|Any CPU
		{F3C357FF-4249-4CDE-AFBB-688058128A62}.Ad-Hoc|ARM.Build.0 = Debug|Any CPU
		{F3C357FF-4249-4CDE-AFBB-688058128A62}.Ad-Hoc|ARM64.ActiveCfg = Debug|Any CPU
		{F3C357FF-4249-4CDE-AFBB-688058128A62}.Ad-Hoc|ARM64.Build.0 = Debug|Any CPU
		{F3C357FF-4249-4CDE-AFBB-688058128A62}.Ad-Hoc|iPhone.ActiveCfg = Debug|Any CPU
		{F3C357FF-4249-4CDE-AFBB-688058128A62}.Ad-Hoc|iPhone.Build.0 = Debug|Any CPU
		{F3C357FF-4249-4CDE-AFBB-688058128A62}.Ad-Hoc|iPhoneSimulator.ActiveCfg = Debug|Any CPU
		{F3C357FF-4249-4CDE-AFBB-688058128A62}.Ad-Hoc|iPhoneSimulator.Build.0 = Debug|Any CPU
		{F3C357FF-4249-4CDE-AFBB-688058128A62}.Ad-Hoc|x64.ActiveCfg = Debug|Any CPU
		{F3C357FF-4249-4CDE-AFBB-688058128A62}.Ad-Hoc|x64.Build.0 = Debug|Any CPU
		{F3C357FF-4249-4CDE-AFBB-688058128A62}.Ad-Hoc|x86.ActiveCfg = Debug|Any CPU
		{F3C357FF-4249-4CDE-AFBB-688058128A62}.Ad-Hoc|x86.Build.0 = Debug|Any CPU
		{F3C357FF-4249-4CDE-AFBB-688058128A62}.AppStore|Any CPU.ActiveCfg = Debug|Any CPU
		{F3C357FF-4249-4CDE-AFBB-688058128A62}.AppStore|Any CPU.Build.0 = Debug|Any CPU
		{F3C357FF-4249-4CDE-AFBB-688058128A62}.AppStore|ARM.ActiveCfg = Debug|Any CPU
		{F3C357FF-4249-4CDE-AFBB-688058128A62}.AppStore|ARM.Build.0 = Debug|Any CPU
		{F3C357FF-4249-4CDE-AFBB-688058128A62}.AppStore|ARM64.ActiveCfg = Debug|Any CPU
		{F3C357FF-4249-4CDE-AFBB-688058128A62}.AppStore|ARM64.Build.0 = Debug|Any CPU
		{F3C357FF-4249-4CDE-AFBB-688058128A62}.AppStore|iPhone.ActiveCfg = Debug|Any CPU
		{F3C357FF-4249-4CDE-AFBB-688058128A62}.AppStore|iPhone.Build.0 = Debug|Any CPU
		{F3C357FF-4249-4CDE-AFBB-688058128A62}.AppStore|iPhoneSimulator.ActiveCfg = Debug|Any CPU
		{F3C357FF-4249-4CDE-AFBB-688058128A62}.AppStore|iPhoneSimulator.Build.0 = Debug|Any CPU
		{F3C357FF-4249-4CDE-AFBB-688058128A62}.AppStore|x64.ActiveCfg = Debug|Any CPU
		{F3C357FF-4249-4CDE-AFBB-688058128A62}.AppStore|x64.Build.0 = Debug|Any CPU
		{F3C357FF-4249-4CDE-AFBB-688058128A62}.AppStore|x86.ActiveCfg = Debug|Any CPU
		{F3C357FF-4249-4CDE-AFBB-688058128A62}.AppStore|x86.Build.0 = Debug|Any CPU
		{F3C357FF-4249-4CDE-AFBB-688058128A62}.Debug|Any CPU.ActiveCfg = Debug|Any CPU
		{F3C357FF-4249-4CDE-AFBB-688058128A62}.Debug|Any CPU.Build.0 = Debug|Any CPU
		{F3C357FF-4249-4CDE-AFBB-688058128A62}.Debug|ARM.ActiveCfg = Debug|Any CPU
		{F3C357FF-4249-4CDE-AFBB-688058128A62}.Debug|ARM.Build.0 = Debug|Any CPU
		{F3C357FF-4249-4CDE-AFBB-688058128A62}.Debug|ARM64.ActiveCfg = Debug|Any CPU
		{F3C357FF-4249-4CDE-AFBB-688058128A62}.Debug|ARM64.Build.0 = Debug|Any CPU
		{F3C357FF-4249-4CDE-AFBB-688058128A62}.Debug|iPhone.ActiveCfg = Debug|Any CPU
		{F3C357FF-4249-4CDE-AFBB-688058128A62}.Debug|iPhone.Build.0 = Debug|Any CPU
		{F3C357FF-4249-4CDE-AFBB-688058128A62}.Debug|iPhoneSimulator.ActiveCfg = Debug|Any CPU
		{F3C357FF-4249-4CDE-AFBB-688058128A62}.Debug|iPhoneSimulator.Build.0 = Debug|Any CPU
		{F3C357FF-4249-4CDE-AFBB-688058128A62}.Debug|x64.ActiveCfg = Debug|Any CPU
		{F3C357FF-4249-4CDE-AFBB-688058128A62}.Debug|x64.Build.0 = Debug|Any CPU
		{F3C357FF-4249-4CDE-AFBB-688058128A62}.Debug|x86.ActiveCfg = Debug|Any CPU
		{F3C357FF-4249-4CDE-AFBB-688058128A62}.Debug|x86.Build.0 = Debug|Any CPU
		{F3C357FF-4249-4CDE-AFBB-688058128A62}.Release|Any CPU.ActiveCfg = Release|Any CPU
		{F3C357FF-4249-4CDE-AFBB-688058128A62}.Release|Any CPU.Build.0 = Release|Any CPU
		{F3C357FF-4249-4CDE-AFBB-688058128A62}.Release|ARM.ActiveCfg = Release|Any CPU
		{F3C357FF-4249-4CDE-AFBB-688058128A62}.Release|ARM.Build.0 = Release|Any CPU
		{F3C357FF-4249-4CDE-AFBB-688058128A62}.Release|ARM64.ActiveCfg = Release|Any CPU
		{F3C357FF-4249-4CDE-AFBB-688058128A62}.Release|ARM64.Build.0 = Release|Any CPU
		{F3C357FF-4249-4CDE-AFBB-688058128A62}.Release|iPhone.ActiveCfg = Release|Any CPU
		{F3C357FF-4249-4CDE-AFBB-688058128A62}.Release|iPhone.Build.0 = Release|Any CPU
		{F3C357FF-4249-4CDE-AFBB-688058128A62}.Release|iPhoneSimulator.ActiveCfg = Release|Any CPU
		{F3C357FF-4249-4CDE-AFBB-688058128A62}.Release|iPhoneSimulator.Build.0 = Release|Any CPU
		{F3C357FF-4249-4CDE-AFBB-688058128A62}.Release|x64.ActiveCfg = Release|Any CPU
		{F3C357FF-4249-4CDE-AFBB-688058128A62}.Release|x64.Build.0 = Release|Any CPU
		{F3C357FF-4249-4CDE-AFBB-688058128A62}.Release|x86.ActiveCfg = Release|Any CPU
		{F3C357FF-4249-4CDE-AFBB-688058128A62}.Release|x86.Build.0 = Release|Any CPU
		{5B56A83F-4140-4CD1-92C8-7294F6D20190}.Ad-Hoc|Any CPU.ActiveCfg = Debug|Any CPU
		{5B56A83F-4140-4CD1-92C8-7294F6D20190}.Ad-Hoc|Any CPU.Build.0 = Debug|Any CPU
		{5B56A83F-4140-4CD1-92C8-7294F6D20190}.Ad-Hoc|ARM.ActiveCfg = Debug|Any CPU
		{5B56A83F-4140-4CD1-92C8-7294F6D20190}.Ad-Hoc|ARM.Build.0 = Debug|Any CPU
		{5B56A83F-4140-4CD1-92C8-7294F6D20190}.Ad-Hoc|ARM64.ActiveCfg = Debug|Any CPU
		{5B56A83F-4140-4CD1-92C8-7294F6D20190}.Ad-Hoc|ARM64.Build.0 = Debug|Any CPU
		{5B56A83F-4140-4CD1-92C8-7294F6D20190}.Ad-Hoc|iPhone.ActiveCfg = Debug|Any CPU
		{5B56A83F-4140-4CD1-92C8-7294F6D20190}.Ad-Hoc|iPhone.Build.0 = Debug|Any CPU
		{5B56A83F-4140-4CD1-92C8-7294F6D20190}.Ad-Hoc|iPhoneSimulator.ActiveCfg = Debug|Any CPU
		{5B56A83F-4140-4CD1-92C8-7294F6D20190}.Ad-Hoc|iPhoneSimulator.Build.0 = Debug|Any CPU
		{5B56A83F-4140-4CD1-92C8-7294F6D20190}.Ad-Hoc|x64.ActiveCfg = Debug|Any CPU
		{5B56A83F-4140-4CD1-92C8-7294F6D20190}.Ad-Hoc|x64.Build.0 = Debug|Any CPU
		{5B56A83F-4140-4CD1-92C8-7294F6D20190}.Ad-Hoc|x86.ActiveCfg = Debug|Any CPU
		{5B56A83F-4140-4CD1-92C8-7294F6D20190}.Ad-Hoc|x86.Build.0 = Debug|Any CPU
		{5B56A83F-4140-4CD1-92C8-7294F6D20190}.AppStore|Any CPU.ActiveCfg = Debug|Any CPU
		{5B56A83F-4140-4CD1-92C8-7294F6D20190}.AppStore|Any CPU.Build.0 = Debug|Any CPU
		{5B56A83F-4140-4CD1-92C8-7294F6D20190}.AppStore|ARM.ActiveCfg = Debug|Any CPU
		{5B56A83F-4140-4CD1-92C8-7294F6D20190}.AppStore|ARM.Build.0 = Debug|Any CPU
		{5B56A83F-4140-4CD1-92C8-7294F6D20190}.AppStore|ARM64.ActiveCfg = Debug|Any CPU
		{5B56A83F-4140-4CD1-92C8-7294F6D20190}.AppStore|ARM64.Build.0 = Debug|Any CPU
		{5B56A83F-4140-4CD1-92C8-7294F6D20190}.AppStore|iPhone.ActiveCfg = Debug|Any CPU
		{5B56A83F-4140-4CD1-92C8-7294F6D20190}.AppStore|iPhone.Build.0 = Debug|Any CPU
		{5B56A83F-4140-4CD1-92C8-7294F6D20190}.AppStore|iPhoneSimulator.ActiveCfg = Debug|Any CPU
		{5B56A83F-4140-4CD1-92C8-7294F6D20190}.AppStore|iPhoneSimulator.Build.0 = Debug|Any CPU
		{5B56A83F-4140-4CD1-92C8-7294F6D20190}.AppStore|x64.ActiveCfg = Debug|Any CPU
		{5B56A83F-4140-4CD1-92C8-7294F6D20190}.AppStore|x64.Build.0 = Debug|Any CPU
		{5B56A83F-4140-4CD1-92C8-7294F6D20190}.AppStore|x86.ActiveCfg = Debug|Any CPU
		{5B56A83F-4140-4CD1-92C8-7294F6D20190}.AppStore|x86.Build.0 = Debug|Any CPU
		{5B56A83F-4140-4CD1-92C8-7294F6D20190}.Debug|Any CPU.ActiveCfg = Debug|Any CPU
		{5B56A83F-4140-4CD1-92C8-7294F6D20190}.Debug|Any CPU.Build.0 = Debug|Any CPU
		{5B56A83F-4140-4CD1-92C8-7294F6D20190}.Debug|ARM.ActiveCfg = Debug|Any CPU
		{5B56A83F-4140-4CD1-92C8-7294F6D20190}.Debug|ARM.Build.0 = Debug|Any CPU
		{5B56A83F-4140-4CD1-92C8-7294F6D20190}.Debug|ARM64.ActiveCfg = Debug|Any CPU
		{5B56A83F-4140-4CD1-92C8-7294F6D20190}.Debug|ARM64.Build.0 = Debug|Any CPU
		{5B56A83F-4140-4CD1-92C8-7294F6D20190}.Debug|iPhone.ActiveCfg = Debug|Any CPU
		{5B56A83F-4140-4CD1-92C8-7294F6D20190}.Debug|iPhone.Build.0 = Debug|Any CPU
		{5B56A83F-4140-4CD1-92C8-7294F6D20190}.Debug|iPhoneSimulator.ActiveCfg = Debug|Any CPU
		{5B56A83F-4140-4CD1-92C8-7294F6D20190}.Debug|iPhoneSimulator.Build.0 = Debug|Any CPU
		{5B56A83F-4140-4CD1-92C8-7294F6D20190}.Debug|x64.ActiveCfg = Debug|Any CPU
		{5B56A83F-4140-4CD1-92C8-7294F6D20190}.Debug|x64.Build.0 = Debug|Any CPU
		{5B56A83F-4140-4CD1-92C8-7294F6D20190}.Debug|x86.ActiveCfg = Debug|Any CPU
		{5B56A83F-4140-4CD1-92C8-7294F6D20190}.Debug|x86.Build.0 = Debug|Any CPU
		{5B56A83F-4140-4CD1-92C8-7294F6D20190}.Release|Any CPU.ActiveCfg = Release|Any CPU
		{5B56A83F-4140-4CD1-92C8-7294F6D20190}.Release|Any CPU.Build.0 = Release|Any CPU
		{5B56A83F-4140-4CD1-92C8-7294F6D20190}.Release|ARM.ActiveCfg = Release|Any CPU
		{5B56A83F-4140-4CD1-92C8-7294F6D20190}.Release|ARM.Build.0 = Release|Any CPU
		{5B56A83F-4140-4CD1-92C8-7294F6D20190}.Release|ARM64.ActiveCfg = Release|Any CPU
		{5B56A83F-4140-4CD1-92C8-7294F6D20190}.Release|ARM64.Build.0 = Release|Any CPU
		{5B56A83F-4140-4CD1-92C8-7294F6D20190}.Release|iPhone.ActiveCfg = Release|Any CPU
		{5B56A83F-4140-4CD1-92C8-7294F6D20190}.Release|iPhone.Build.0 = Release|Any CPU
		{5B56A83F-4140-4CD1-92C8-7294F6D20190}.Release|iPhoneSimulator.ActiveCfg = Release|Any CPU
		{5B56A83F-4140-4CD1-92C8-7294F6D20190}.Release|iPhoneSimulator.Build.0 = Release|Any CPU
		{5B56A83F-4140-4CD1-92C8-7294F6D20190}.Release|x64.ActiveCfg = Release|Any CPU
		{5B56A83F-4140-4CD1-92C8-7294F6D20190}.Release|x64.Build.0 = Release|Any CPU
		{5B56A83F-4140-4CD1-92C8-7294F6D20190}.Release|x86.ActiveCfg = Release|Any CPU
		{5B56A83F-4140-4CD1-92C8-7294F6D20190}.Release|x86.Build.0 = Release|Any CPU
		{23377EC3-3C8D-4FF7-A95E-E8A1BCB1E8C0}.Ad-Hoc|Any CPU.ActiveCfg = Debug|Any CPU
		{23377EC3-3C8D-4FF7-A95E-E8A1BCB1E8C0}.Ad-Hoc|Any CPU.Build.0 = Debug|Any CPU
		{23377EC3-3C8D-4FF7-A95E-E8A1BCB1E8C0}.Ad-Hoc|ARM.ActiveCfg = Debug|Any CPU
		{23377EC3-3C8D-4FF7-A95E-E8A1BCB1E8C0}.Ad-Hoc|ARM.Build.0 = Debug|Any CPU
		{23377EC3-3C8D-4FF7-A95E-E8A1BCB1E8C0}.Ad-Hoc|ARM64.ActiveCfg = Debug|Any CPU
		{23377EC3-3C8D-4FF7-A95E-E8A1BCB1E8C0}.Ad-Hoc|ARM64.Build.0 = Debug|Any CPU
		{23377EC3-3C8D-4FF7-A95E-E8A1BCB1E8C0}.Ad-Hoc|iPhone.ActiveCfg = Debug|Any CPU
		{23377EC3-3C8D-4FF7-A95E-E8A1BCB1E8C0}.Ad-Hoc|iPhone.Build.0 = Debug|Any CPU
		{23377EC3-3C8D-4FF7-A95E-E8A1BCB1E8C0}.Ad-Hoc|iPhoneSimulator.ActiveCfg = Debug|Any CPU
		{23377EC3-3C8D-4FF7-A95E-E8A1BCB1E8C0}.Ad-Hoc|iPhoneSimulator.Build.0 = Debug|Any CPU
		{23377EC3-3C8D-4FF7-A95E-E8A1BCB1E8C0}.Ad-Hoc|x64.ActiveCfg = Debug|Any CPU
		{23377EC3-3C8D-4FF7-A95E-E8A1BCB1E8C0}.Ad-Hoc|x64.Build.0 = Debug|Any CPU
		{23377EC3-3C8D-4FF7-A95E-E8A1BCB1E8C0}.Ad-Hoc|x86.ActiveCfg = Debug|Any CPU
		{23377EC3-3C8D-4FF7-A95E-E8A1BCB1E8C0}.Ad-Hoc|x86.Build.0 = Debug|Any CPU
		{23377EC3-3C8D-4FF7-A95E-E8A1BCB1E8C0}.AppStore|Any CPU.ActiveCfg = Debug|Any CPU
		{23377EC3-3C8D-4FF7-A95E-E8A1BCB1E8C0}.AppStore|Any CPU.Build.0 = Debug|Any CPU
		{23377EC3-3C8D-4FF7-A95E-E8A1BCB1E8C0}.AppStore|ARM.ActiveCfg = Debug|Any CPU
		{23377EC3-3C8D-4FF7-A95E-E8A1BCB1E8C0}.AppStore|ARM.Build.0 = Debug|Any CPU
		{23377EC3-3C8D-4FF7-A95E-E8A1BCB1E8C0}.AppStore|ARM64.ActiveCfg = Debug|Any CPU
		{23377EC3-3C8D-4FF7-A95E-E8A1BCB1E8C0}.AppStore|ARM64.Build.0 = Debug|Any CPU
		{23377EC3-3C8D-4FF7-A95E-E8A1BCB1E8C0}.AppStore|iPhone.ActiveCfg = Debug|Any CPU
		{23377EC3-3C8D-4FF7-A95E-E8A1BCB1E8C0}.AppStore|iPhone.Build.0 = Debug|Any CPU
		{23377EC3-3C8D-4FF7-A95E-E8A1BCB1E8C0}.AppStore|iPhoneSimulator.ActiveCfg = Debug|Any CPU
		{23377EC3-3C8D-4FF7-A95E-E8A1BCB1E8C0}.AppStore|iPhoneSimulator.Build.0 = Debug|Any CPU
		{23377EC3-3C8D-4FF7-A95E-E8A1BCB1E8C0}.AppStore|x64.ActiveCfg = Debug|Any CPU
		{23377EC3-3C8D-4FF7-A95E-E8A1BCB1E8C0}.AppStore|x64.Build.0 = Debug|Any CPU
		{23377EC3-3C8D-4FF7-A95E-E8A1BCB1E8C0}.AppStore|x86.ActiveCfg = Debug|Any CPU
		{23377EC3-3C8D-4FF7-A95E-E8A1BCB1E8C0}.AppStore|x86.Build.0 = Debug|Any CPU
		{23377EC3-3C8D-4FF7-A95E-E8A1BCB1E8C0}.Debug|Any CPU.ActiveCfg = Debug|Any CPU
		{23377EC3-3C8D-4FF7-A95E-E8A1BCB1E8C0}.Debug|Any CPU.Build.0 = Debug|Any CPU
		{23377EC3-3C8D-4FF7-A95E-E8A1BCB1E8C0}.Debug|ARM.ActiveCfg = Debug|Any CPU
		{23377EC3-3C8D-4FF7-A95E-E8A1BCB1E8C0}.Debug|ARM.Build.0 = Debug|Any CPU
		{23377EC3-3C8D-4FF7-A95E-E8A1BCB1E8C0}.Debug|ARM64.ActiveCfg = Debug|Any CPU
		{23377EC3-3C8D-4FF7-A95E-E8A1BCB1E8C0}.Debug|ARM64.Build.0 = Debug|Any CPU
		{23377EC3-3C8D-4FF7-A95E-E8A1BCB1E8C0}.Debug|iPhone.ActiveCfg = Debug|Any CPU
		{23377EC3-3C8D-4FF7-A95E-E8A1BCB1E8C0}.Debug|iPhone.Build.0 = Debug|Any CPU
		{23377EC3-3C8D-4FF7-A95E-E8A1BCB1E8C0}.Debug|iPhoneSimulator.ActiveCfg = Debug|Any CPU
		{23377EC3-3C8D-4FF7-A95E-E8A1BCB1E8C0}.Debug|iPhoneSimulator.Build.0 = Debug|Any CPU
		{23377EC3-3C8D-4FF7-A95E-E8A1BCB1E8C0}.Debug|x64.ActiveCfg = Debug|Any CPU
		{23377EC3-3C8D-4FF7-A95E-E8A1BCB1E8C0}.Debug|x64.Build.0 = Debug|Any CPU
		{23377EC3-3C8D-4FF7-A95E-E8A1BCB1E8C0}.Debug|x86.ActiveCfg = Debug|Any CPU
		{23377EC3-3C8D-4FF7-A95E-E8A1BCB1E8C0}.Debug|x86.Build.0 = Debug|Any CPU
		{23377EC3-3C8D-4FF7-A95E-E8A1BCB1E8C0}.Release|Any CPU.ActiveCfg = Release|Any CPU
		{23377EC3-3C8D-4FF7-A95E-E8A1BCB1E8C0}.Release|Any CPU.Build.0 = Release|Any CPU
		{23377EC3-3C8D-4FF7-A95E-E8A1BCB1E8C0}.Release|ARM.ActiveCfg = Release|Any CPU
		{23377EC3-3C8D-4FF7-A95E-E8A1BCB1E8C0}.Release|ARM.Build.0 = Release|Any CPU
		{23377EC3-3C8D-4FF7-A95E-E8A1BCB1E8C0}.Release|ARM64.ActiveCfg = Release|Any CPU
		{23377EC3-3C8D-4FF7-A95E-E8A1BCB1E8C0}.Release|ARM64.Build.0 = Release|Any CPU
		{23377EC3-3C8D-4FF7-A95E-E8A1BCB1E8C0}.Release|iPhone.ActiveCfg = Release|Any CPU
		{23377EC3-3C8D-4FF7-A95E-E8A1BCB1E8C0}.Release|iPhone.Build.0 = Release|Any CPU
		{23377EC3-3C8D-4FF7-A95E-E8A1BCB1E8C0}.Release|iPhoneSimulator.ActiveCfg = Release|Any CPU
		{23377EC3-3C8D-4FF7-A95E-E8A1BCB1E8C0}.Release|iPhoneSimulator.Build.0 = Release|Any CPU
		{23377EC3-3C8D-4FF7-A95E-E8A1BCB1E8C0}.Release|x64.ActiveCfg = Release|Any CPU
		{23377EC3-3C8D-4FF7-A95E-E8A1BCB1E8C0}.Release|x64.Build.0 = Release|Any CPU
		{23377EC3-3C8D-4FF7-A95E-E8A1BCB1E8C0}.Release|x86.ActiveCfg = Release|Any CPU
		{23377EC3-3C8D-4FF7-A95E-E8A1BCB1E8C0}.Release|x86.Build.0 = Release|Any CPU
		{D859603D-A475-46E9-B1DE-35E1ACA6C276}.Ad-Hoc|Any CPU.ActiveCfg = Debug|Any CPU
		{D859603D-A475-46E9-B1DE-35E1ACA6C276}.Ad-Hoc|Any CPU.Build.0 = Debug|Any CPU
		{D859603D-A475-46E9-B1DE-35E1ACA6C276}.Ad-Hoc|ARM.ActiveCfg = Debug|Any CPU
		{D859603D-A475-46E9-B1DE-35E1ACA6C276}.Ad-Hoc|ARM.Build.0 = Debug|Any CPU
		{D859603D-A475-46E9-B1DE-35E1ACA6C276}.Ad-Hoc|ARM64.ActiveCfg = Debug|Any CPU
		{D859603D-A475-46E9-B1DE-35E1ACA6C276}.Ad-Hoc|ARM64.Build.0 = Debug|Any CPU
		{D859603D-A475-46E9-B1DE-35E1ACA6C276}.Ad-Hoc|iPhone.ActiveCfg = Debug|Any CPU
		{D859603D-A475-46E9-B1DE-35E1ACA6C276}.Ad-Hoc|iPhone.Build.0 = Debug|Any CPU
		{D859603D-A475-46E9-B1DE-35E1ACA6C276}.Ad-Hoc|iPhoneSimulator.ActiveCfg = Debug|Any CPU
		{D859603D-A475-46E9-B1DE-35E1ACA6C276}.Ad-Hoc|iPhoneSimulator.Build.0 = Debug|Any CPU
		{D859603D-A475-46E9-B1DE-35E1ACA6C276}.Ad-Hoc|x64.ActiveCfg = Debug|Any CPU
		{D859603D-A475-46E9-B1DE-35E1ACA6C276}.Ad-Hoc|x64.Build.0 = Debug|Any CPU
		{D859603D-A475-46E9-B1DE-35E1ACA6C276}.Ad-Hoc|x86.ActiveCfg = Debug|Any CPU
		{D859603D-A475-46E9-B1DE-35E1ACA6C276}.Ad-Hoc|x86.Build.0 = Debug|Any CPU
		{D859603D-A475-46E9-B1DE-35E1ACA6C276}.AppStore|Any CPU.ActiveCfg = Debug|Any CPU
		{D859603D-A475-46E9-B1DE-35E1ACA6C276}.AppStore|Any CPU.Build.0 = Debug|Any CPU
		{D859603D-A475-46E9-B1DE-35E1ACA6C276}.AppStore|ARM.ActiveCfg = Debug|Any CPU
		{D859603D-A475-46E9-B1DE-35E1ACA6C276}.AppStore|ARM.Build.0 = Debug|Any CPU
		{D859603D-A475-46E9-B1DE-35E1ACA6C276}.AppStore|ARM64.ActiveCfg = Debug|Any CPU
		{D859603D-A475-46E9-B1DE-35E1ACA6C276}.AppStore|ARM64.Build.0 = Debug|Any CPU
		{D859603D-A475-46E9-B1DE-35E1ACA6C276}.AppStore|iPhone.ActiveCfg = Debug|Any CPU
		{D859603D-A475-46E9-B1DE-35E1ACA6C276}.AppStore|iPhone.Build.0 = Debug|Any CPU
		{D859603D-A475-46E9-B1DE-35E1ACA6C276}.AppStore|iPhoneSimulator.ActiveCfg = Debug|Any CPU
		{D859603D-A475-46E9-B1DE-35E1ACA6C276}.AppStore|iPhoneSimulator.Build.0 = Debug|Any CPU
		{D859603D-A475-46E9-B1DE-35E1ACA6C276}.AppStore|x64.ActiveCfg = Debug|Any CPU
		{D859603D-A475-46E9-B1DE-35E1ACA6C276}.AppStore|x64.Build.0 = Debug|Any CPU
		{D859603D-A475-46E9-B1DE-35E1ACA6C276}.AppStore|x86.ActiveCfg = Debug|Any CPU
		{D859603D-A475-46E9-B1DE-35E1ACA6C276}.AppStore|x86.Build.0 = Debug|Any CPU
		{D859603D-A475-46E9-B1DE-35E1ACA6C276}.Debug|Any CPU.ActiveCfg = Debug|Any CPU
		{D859603D-A475-46E9-B1DE-35E1ACA6C276}.Debug|Any CPU.Build.0 = Debug|Any CPU
		{D859603D-A475-46E9-B1DE-35E1ACA6C276}.Debug|ARM.ActiveCfg = Debug|Any CPU
		{D859603D-A475-46E9-B1DE-35E1ACA6C276}.Debug|ARM.Build.0 = Debug|Any CPU
		{D859603D-A475-46E9-B1DE-35E1ACA6C276}.Debug|ARM64.ActiveCfg = Debug|Any CPU
		{D859603D-A475-46E9-B1DE-35E1ACA6C276}.Debug|ARM64.Build.0 = Debug|Any CPU
		{D859603D-A475-46E9-B1DE-35E1ACA6C276}.Debug|iPhone.ActiveCfg = Debug|Any CPU
		{D859603D-A475-46E9-B1DE-35E1ACA6C276}.Debug|iPhone.Build.0 = Debug|Any CPU
		{D859603D-A475-46E9-B1DE-35E1ACA6C276}.Debug|iPhoneSimulator.ActiveCfg = Debug|Any CPU
		{D859603D-A475-46E9-B1DE-35E1ACA6C276}.Debug|iPhoneSimulator.Build.0 = Debug|Any CPU
		{D859603D-A475-46E9-B1DE-35E1ACA6C276}.Debug|x64.ActiveCfg = Debug|Any CPU
		{D859603D-A475-46E9-B1DE-35E1ACA6C276}.Debug|x64.Build.0 = Debug|Any CPU
		{D859603D-A475-46E9-B1DE-35E1ACA6C276}.Debug|x86.ActiveCfg = Debug|Any CPU
		{D859603D-A475-46E9-B1DE-35E1ACA6C276}.Debug|x86.Build.0 = Debug|Any CPU
		{D859603D-A475-46E9-B1DE-35E1ACA6C276}.Release|Any CPU.ActiveCfg = Release|Any CPU
		{D859603D-A475-46E9-B1DE-35E1ACA6C276}.Release|Any CPU.Build.0 = Release|Any CPU
		{D859603D-A475-46E9-B1DE-35E1ACA6C276}.Release|ARM.ActiveCfg = Release|Any CPU
		{D859603D-A475-46E9-B1DE-35E1ACA6C276}.Release|ARM.Build.0 = Release|Any CPU
		{D859603D-A475-46E9-B1DE-35E1ACA6C276}.Release|ARM64.ActiveCfg = Release|Any CPU
		{D859603D-A475-46E9-B1DE-35E1ACA6C276}.Release|ARM64.Build.0 = Release|Any CPU
		{D859603D-A475-46E9-B1DE-35E1ACA6C276}.Release|iPhone.ActiveCfg = Release|Any CPU
		{D859603D-A475-46E9-B1DE-35E1ACA6C276}.Release|iPhone.Build.0 = Release|Any CPU
		{D859603D-A475-46E9-B1DE-35E1ACA6C276}.Release|iPhoneSimulator.ActiveCfg = Release|Any CPU
		{D859603D-A475-46E9-B1DE-35E1ACA6C276}.Release|iPhoneSimulator.Build.0 = Release|Any CPU
		{D859603D-A475-46E9-B1DE-35E1ACA6C276}.Release|x64.ActiveCfg = Release|Any CPU
		{D859603D-A475-46E9-B1DE-35E1ACA6C276}.Release|x64.Build.0 = Release|Any CPU
		{D859603D-A475-46E9-B1DE-35E1ACA6C276}.Release|x86.ActiveCfg = Release|Any CPU
		{D859603D-A475-46E9-B1DE-35E1ACA6C276}.Release|x86.Build.0 = Release|Any CPU
	EndGlobalSection
	GlobalSection(SolutionProperties) = preSolution
		HideSolutionNode = FALSE
	EndGlobalSection
	GlobalSection(NestedProjects) = preSolution
		{EB807619-6B47-4DE2-8ED3-CF46CDA6D292} = {49DE5CF1-E1DF-4F05-ACE5-BC81767B6B1E}
		{E8AC3694-1E66-44D2-B456-1BC592A70375} = {49DE5CF1-E1DF-4F05-ACE5-BC81767B6B1E}
		{E4317FBC-CE4D-4D00-B3FD-10F55C7776A0} = {49DE5CF1-E1DF-4F05-ACE5-BC81767B6B1E}
		{A7488329-8133-48F9-95BA-0D3B64EB2107} = {49DE5CF1-E1DF-4F05-ACE5-BC81767B6B1E}
		{E0BC5FDA-9341-4EF0-AB17-0BFDDB109B39} = {49DE5CF1-E1DF-4F05-ACE5-BC81767B6B1E}
		{F3C357FF-4249-4CDE-AFBB-688058128A62} = {49DE5CF1-E1DF-4F05-ACE5-BC81767B6B1E}
		{5B56A83F-4140-4CD1-92C8-7294F6D20190} = {49DE5CF1-E1DF-4F05-ACE5-BC81767B6B1E}
		{23377EC3-3C8D-4FF7-A95E-E8A1BCB1E8C0} = {49DE5CF1-E1DF-4F05-ACE5-BC81767B6B1E}
		{D859603D-A475-46E9-B1DE-35E1ACA6C276} = {49DE5CF1-E1DF-4F05-ACE5-BC81767B6B1E}
	EndGlobalSection
	GlobalSection(ExtensibilityGlobals) = postSolution
		SolutionGuid = {C0CB6C2A-81F4-4E0F-9AF7-E8847A7BE9CA}
	EndGlobalSection
EndGlobal
